
Microsoft Visual Studio Solution File, Format Version 12.00
# Visual Studio Version 17
VisualStudioVersion = 17.4.33213.308
MinimumVisualStudioVersion = 10.0.40219.1
Project("{FAE04EC0-301F-11D3-BF4B-00C04F79EFBC}") = "MyShopProject", "MyShopProject.csproj", "{4CD369F4-3259-4F14-A498-A275CA68CFDD}"
EndProject
Global
	GlobalSection(SolutionConfigurationPlatforms) = preSolution
		Debug|Any CPU = Debug|Any CPU
		Release|Any CPU = Release|Any CPU
	EndGlobalSection
	GlobalSection(ProjectConfigurationPlatforms) = postSolution
		{4CD369F4-3259-4F14-A498-A275CA68CFDD}.Debug|Any CPU.ActiveCfg = Debug|Any CPU
		{4CD369F4-3259-4F14-A498-A275CA68CFDD}.Debug|Any CPU.Build.0 = Debug|Any CPU
		{4CD369F4-3259-4F14-A498-A275CA68CFDD}.Release|Any CPU.ActiveCfg = Release|Any CPU
		{4CD369F4-3259-4F14-A498-A275CA68CFDD}.Release|Any CPU.Build.0 = Release|Any CPU
	EndGlobalSection
	GlobalSection(SolutionProperties) = preSolution
		HideSolutionNode = FALSE
	EndGlobalSection
	GlobalSection(ExtensibilityGlobals) = postSolution
		SolutionGuid = {94A01141-AEBE-494A-B182-B304235F9576}
	EndGlobalSection
EndGlobal
